PODS:
  - FDFullscreenPopGesture (1.1)
  - LTNavigationBar (2.1.9)

DEPENDENCIES:
  - FDFullscreenPopGesture (~> 1.1)
  - LTNavigationBar (~> 2.1.6)

SPEC CHECKSUMS:
  FDFullscreenPopGesture: a8a620179e3d9c40e8e00256dcee1c1a27c6d0f0
  LTNavigationBar: c278785bed344862e18146b5f06792932e4feacc

PODFILE CHECKSUM: e368aa6d4f2af6ddc7e566d8830df50b89ef2d9c

COCOAPODS: 1.2.0
